
Microsoft Visual Studio Solution File, Format Version 12.00
# Visual Studio Version 16
VisualStudioVersion = 16.0.28803.202
MinimumVisualStudioVersion = 10.0.40219.1
Project("{9A19103F-16F7-4668-BE54-9A1E7A4F7556}") = "webMetrics", "webMetrics\webMetrics.csproj", "{04EE5E9B-12F8-4154-87D8-E7711DDEC6CC}"
EndProject
Project("{FAE04EC0-301F-11D3-BF4B-00C04F79EFBC}") = "InfluencersMetricsService", "InfluencersMetricsService\InfluencersMetricsService.csproj", "{8F6EF4E3-0BB4-4E9F-A0C1-EE8D58E39EE6}"
EndProject
Project("{FAE04EC0-301F-11D3-BF4B-00C04F79EFBC}") = "InfluencersMetricsRepositorio", "InfluencersMetricsRepositorio\InfluencersMetricsRepositorio.csproj", "{7AE70A8D-4AF8-4098-8312-C63F15271893}"
EndProject
Project("{FAE04EC0-301F-11D3-BF4B-00C04F79EFBC}") = "DrawImages", "DrawImages\DrawImages.csproj", "{A37AC482-53B0-4C2D-994B-0C4067E61632}"
EndProject
Project("{FAE04EC0-301F-11D3-BF4B-00C04F79EFBC}") = "DrawImagesApp", "DrawImagesApp\DrawImagesApp.csproj", "{811FC582-CCB0-4146-A966-57389A0916C7}"
EndProject
Global
	GlobalSection(SolutionConfigurationPlatforms) = preSolution
		Debug|Any CPU = Debug|Any CPU
		Release|Any CPU = Release|Any CPU
	EndGlobalSection
	GlobalSection(ProjectConfigurationPlatforms) = postSolution
		{04EE5E9B-12F8-4154-87D8-E7711DDEC6CC}.Debug|Any CPU.ActiveCfg = Debug|Any CPU
		{04EE5E9B-12F8-4154-87D8-E7711DDEC6CC}.Debug|Any CPU.Build.0 = Debug|Any CPU
		{04EE5E9B-12F8-4154-87D8-E7711DDEC6CC}.Release|Any CPU.ActiveCfg = Release|Any CPU
		{04EE5E9B-12F8-4154-87D8-E7711DDEC6CC}.Release|Any CPU.Build.0 = Release|Any CPU
		{8F6EF4E3-0BB4-4E9F-A0C1-EE8D58E39EE6}.Debug|Any CPU.ActiveCfg = Debug|Any CPU
		{8F6EF4E3-0BB4-4E9F-A0C1-EE8D58E39EE6}.Debug|Any CPU.Build.0 = Debug|Any CPU
		{8F6EF4E3-0BB4-4E9F-A0C1-EE8D58E39EE6}.Release|Any CPU.ActiveCfg = Release|Any CPU
		{8F6EF4E3-0BB4-4E9F-A0C1-EE8D58E39EE6}.Release|Any CPU.Build.0 = Release|Any CPU
		{7AE70A8D-4AF8-4098-8312-C63F15271893}.Debug|Any CPU.ActiveCfg = Debug|Any CPU
		{7AE70A8D-4AF8-4098-8312-C63F15271893}.Debug|Any CPU.Build.0 = Debug|Any CPU
		{7AE70A8D-4AF8-4098-8312-C63F15271893}.Release|Any CPU.ActiveCfg = Release|Any CPU
		{7AE70A8D-4AF8-4098-8312-C63F15271893}.Release|Any CPU.Build.0 = Release|Any CPU
		{A37AC482-53B0-4C2D-994B-0C4067E61632}.Debug|Any CPU.ActiveCfg = Debug|Any CPU
		{A37AC482-53B0-4C2D-994B-0C4067E61632}.Debug|Any CPU.Build.0 = Debug|Any CPU
		{A37AC482-53B0-4C2D-994B-0C4067E61632}.Release|Any CPU.ActiveCfg = Release|Any CPU
		{A37AC482-53B0-4C2D-994B-0C4067E61632}.Release|Any CPU.Build.0 = Release|Any CPU
		{811FC582-CCB0-4146-A966-57389A0916C7}.Debug|Any CPU.ActiveCfg = Debug|Any CPU
		{811FC582-CCB0-4146-A966-57389A0916C7}.Debug|Any CPU.Build.0 = Debug|Any CPU
		{811FC582-CCB0-4146-A966-57389A0916C7}.Release|Any CPU.ActiveCfg = Release|Any CPU
		{811FC582-CCB0-4146-A966-57389A0916C7}.Release|Any CPU.Build.0 = Release|Any CPU
	EndGlobalSection
	GlobalSection(SolutionProperties) = preSolution
		HideSolutionNode = FALSE
	EndGlobalSection
	GlobalSection(ExtensibilityGlobals) = postSolution
		SolutionGuid = {9D83456D-1957-4596-A55C-69CCAE2E7CD3}
	EndGlobalSection
EndGlobal
